
Microsoft Visual Studio Solution File, Format Version 12.00
# Visual Studio Version 17
VisualStudioVersion = 17.7.34024.191
MinimumVisualStudioVersion = 10.0.40219.1
Project("{FAE04EC0-301F-11D3-BF4B-00C04F79EFBC}") = "ContactManager", "ContactManager\ContactManager.csproj", "{D23C8331-3B4D-4687-AE74-E3DB14E36D53}"
EndProject
Global
	GlobalSection(SolutionConfigurationPlatforms) = preSolution
		Debug|Any CPU = Debug|Any CPU
		Release|Any CPU = Release|Any CPU
	EndGlobalSection
	GlobalSection(ProjectConfigurationPlatforms) = postSolution
		{D23C8331-3B4D-4687-AE74-E3DB14E36D53}.Debug|Any CPU.ActiveCfg = Debug|Any CPU
		{D23C8331-3B4D-4687-AE74-E3DB14E36D53}.Debug|Any CPU.Build.0 = Debug|Any CPU
		{D23C8331-3B4D-4687-AE74-E3DB14E36D53}.Release|Any CPU.ActiveCfg = Release|Any CPU
		{D23C8331-3B4D-4687-AE74-E3DB14E36D53}.Release|Any CPU.Build.0 = Release|Any CPU
	EndGlobalSection
	GlobalSection(SolutionProperties) = preSolution
		HideSolutionNode = FALSE
	EndGlobalSection
	GlobalSection(ExtensibilityGlobals) = postSolution
		SolutionGuid = {0203B90A-44C5-4382-AE69-0AFAFEF118D6}
	EndGlobalSection
EndGlobal
